
Microsoft Visual Studio Solution File, Format Version 12.00
# Visual Studio 2013
VisualStudioVersion = 12.0.40629.0
MinimumVisualStudioVersion = 10.0.40219.1
Project("{FAE04EC0-301F-11D3-BF4B-00C04F79EFBC}") = "eCommerce.Contracts", "eCommerce.Contracts\eCommerce.Contracts.csproj", "{B925D23B-C400-4C50-A704-05B651936506}"
EndProject
Project("{FAE04EC0-301F-11D3-BF4B-00C04F79EFBC}") = "eCommerce.Model", "eCommerce.Model\eCommerce.Model.csproj", "{15EB01EE-06A9-41F4-99CC-03150C72412E}"
EndProject
Project("{FAE04EC0-301F-11D3-BF4B-00C04F79EFBC}") = "eCommerce.DAL", "eCommerce.DAL\eCommerce.DAL.csproj", "{A849A405-F4C4-4316-B1A7-5DE45FA9BFC7}"
EndProject
Project("{FAE04EC0-301F-11D3-BF4B-00C04F79EFBC}") = "eCommerce.WebUI", "eCommerce.WebUI\eCommerce.WebUI.csproj", "{27CAD8C7-2B9C-4A57-B4F3-51C83B1A52F3}"
EndProject
Global
	GlobalSection(SolutionConfigurationPlatforms) = preSolution
		Debug|Any CPU = Debug|Any CPU
		Release|Any CPU = Release|Any CPU
	EndGlobalSection
	GlobalSection(ProjectConfigurationPlatforms) = postSolution
		{B925D23B-C400-4C50-A704-05B651936506}.Debug|Any CPU.ActiveCfg = Debug|Any CPU
		{B925D23B-C400-4C50-A704-05B651936506}.Debug|Any CPU.Build.0 = Debug|Any CPU
		{B925D23B-C400-4C50-A704-05B651936506}.Release|Any CPU.ActiveCfg = Release|Any CPU
		{B925D23B-C400-4C50-A704-05B651936506}.Release|Any CPU.Build.0 = Release|Any CPU
		{15EB01EE-06A9-41F4-99CC-03150C72412E}.Debug|Any CPU.ActiveCfg = Debug|Any CPU
		{15EB01EE-06A9-41F4-99CC-03150C72412E}.Debug|Any CPU.Build.0 = Debug|Any CPU
		{15EB01EE-06A9-41F4-99CC-03150C72412E}.Release|Any CPU.ActiveCfg = Release|Any CPU
		{15EB01EE-06A9-41F4-99CC-03150C72412E}.Release|Any CPU.Build.0 = Release|Any CPU
		{A849A405-F4C4-4316-B1A7-5DE45FA9BFC7}.Debug|Any CPU.ActiveCfg = Debug|Any CPU
		{A849A405-F4C4-4316-B1A7-5DE45FA9BFC7}.Debug|Any CPU.Build.0 = Debug|Any CPU
		{A849A405-F4C4-4316-B1A7-5DE45FA9BFC7}.Release|Any CPU.ActiveCfg = Release|Any CPU
		{A849A405-F4C4-4316-B1A7-5DE45FA9BFC7}.Release|Any CPU.Build.0 = Release|Any CPU
		{27CAD8C7-2B9C-4A57-B4F3-51C83B1A52F3}.Debug|Any CPU.ActiveCfg = Debug|Any CPU
		{27CAD8C7-2B9C-4A57-B4F3-51C83B1A52F3}.Debug|Any CPU.Build.0 = Debug|Any CPU
		{27CAD8C7-2B9C-4A57-B4F3-51C83B1A52F3}.Release|Any CPU.ActiveCfg = Release|Any CPU
		{27CAD8C7-2B9C-4A57-B4F3-51C83B1A52F3}.Release|Any CPU.Build.0 = Release|Any CPU
	EndGlobalSection
	GlobalSection(SolutionProperties) = preSolution
		HideSolutionNode = FALSE
	EndGlobalSection
EndGlobal
